
Microsoft Visual Studio Solution File, Format Version 12.00
# Visual Studio Version 16
VisualStudioVersion = 16.0.30413.136
MinimumVisualStudioVersion = 10.0.40219.1
Project("{FAE04EC0-301F-11D3-BF4B-00C04F79EFBC}") = "Library", "lab04\Library.csproj", "{393838D1-8E98-44BE-960F-1DAF398D2EB7}"
EndProject
Project("{FAE04EC0-301F-11D3-BF4B-00C04F79EFBC}") = "ConsoleApp", "ConsoleApp\ConsoleApp.csproj", "{527D8E4E-39F9-4DD2-A144-308107AF9FF5}"
EndProject
Project("{FAE04EC0-301F-11D3-BF4B-00C04F79EFBC}") = "WinFormsApp", "WinFormsApp\WinFormsApp.csproj", "{F3359666-BF23-4B65-B3E3-405B90A36282}"
	ProjectSection(ProjectDependencies) = postProject
		{393838D1-8E98-44BE-960F-1DAF398D2EB7} = {393838D1-8E98-44BE-960F-1DAF398D2EB7}
	EndProjectSection
EndProject
Global
	GlobalSection(SolutionConfigurationPlatforms) = preSolution
		Debug|Any CPU = Debug|Any CPU
		Release|Any CPU = Release|Any CPU
	EndGlobalSection
	GlobalSection(ProjectConfigurationPlatforms) = postSolution
		{393838D1-8E98-44BE-960F-1DAF398D2EB7}.Debug|Any CPU.ActiveCfg = Debug|Any CPU
		{393838D1-8E98-44BE-960F-1DAF398D2EB7}.Debug|Any CPU.Build.0 = Debug|Any CPU
		{393838D1-8E98-44BE-960F-1DAF398D2EB7}.Release|Any CPU.ActiveCfg = Release|Any CPU
		{393838D1-8E98-44BE-960F-1DAF398D2EB7}.Release|Any CPU.Build.0 = Release|Any CPU
		{527D8E4E-39F9-4DD2-A144-308107AF9FF5}.Debug|Any CPU.ActiveCfg = Debug|Any CPU
		{527D8E4E-39F9-4DD2-A144-308107AF9FF5}.Debug|Any CPU.Build.0 = Debug|Any CPU
		{527D8E4E-39F9-4DD2-A144-308107AF9FF5}.Release|Any CPU.ActiveCfg = Release|Any CPU
		{527D8E4E-39F9-4DD2-A144-308107AF9FF5}.Release|Any CPU.Build.0 = Release|Any CPU
		{F3359666-BF23-4B65-B3E3-405B90A36282}.Debug|Any CPU.ActiveCfg = Debug|Any CPU
		{F3359666-BF23-4B65-B3E3-405B90A36282}.Debug|Any CPU.Build.0 = Debug|Any CPU
		{F3359666-BF23-4B65-B3E3-405B90A36282}.Release|Any CPU.ActiveCfg = Release|Any CPU
		{F3359666-BF23-4B65-B3E3-405B90A36282}.Release|Any CPU.Build.0 = Release|Any CPU
	EndGlobalSection
	GlobalSection(SolutionProperties) = preSolution
		HideSolutionNode = FALSE
	EndGlobalSection
	GlobalSection(ExtensibilityGlobals) = postSolution
		SolutionGuid = {2BB03D4E-38CC-4962-9CEE-1921C78A2A81}
	EndGlobalSection
EndGlobal
